
Microsoft Visual Studio Solution File, Format Version 12.00
# Visual Studio Version 17
VisualStudioVersion = 17.7.34003.232
MinimumVisualStudioVersion = 10.0.40219.1
Project("{888888A0-9F3D-457C-B088-3A5042F75D52}") = "Examencheil", "Examencheil.pyproj", "{C85571E4-F1E2-4236-9149-E9BC5DAE0DCF}"
EndProject
Global
	GlobalSection(SolutionConfigurationPlatforms) = preSolution
		Debug|Any CPU = Debug|Any CPU
		Release|Any CPU = Release|Any CPU
	EndGlobalSection
	GlobalSection(ProjectConfigurationPlatforms) = postSolution
		{C85571E4-F1E2-4236-9149-E9BC5DAE0DCF}.Debug|Any CPU.ActiveCfg = Debug|Any CPU
		{C85571E4-F1E2-4236-9149-E9BC5DAE0DCF}.Release|Any CPU.ActiveCfg = Release|Any CPU
	EndGlobalSection
	GlobalSection(SolutionProperties) = preSolution
		HideSolutionNode = FALSE
	EndGlobalSection
	GlobalSection(ExtensibilityGlobals) = postSolution
		SolutionGuid = {DC0B0909-7753-44DA-9C01-E431E844D242}
	EndGlobalSection
EndGlobal
